{
  "requires": true,
  "lockfileVersion": 1,
  "dependencies": {
    "@aspnet/signalr": {
      "version": "1.0.4",
      "resolved": "https://registry.npmjs.org/@aspnet/signalr/-/signalr-1.0.4.tgz",
      "integrity": "sha512-q7HMlTZPkZCa/0UclsXvEyqNirpjRfRuwhjEeADD1i6pqe0Yx5OwuCO7+Xsc6MNKR8vE1C9MyxnSj0SecvUbTA=="
    },
    "dotnetify": {
      "version": "3.3.1",
      "resolved": "https://registry.npmjs.org/dotnetify/-/dotnetify-3.3.1.tgz",
      "integrity": "sha512-kalysWu21fB2V/QWBEdd1rKhzTm1Km/y9h9Rvo0pa4Qb7N1ZINYz57vthN0/uVp6zV3ZQ8soI0EdLH6er5b4AQ==",
      "requires": {
        "@aspnet/signalr": "~1.0.3",
        "jquery-deferred": "~0.3.1",
        "prop-types": "~15.6.1"
      }
    },
    "jquery-deferred": {
      "version": "0.3.1",
      "resolved": "https://registry.npmjs.org/jquery-deferred/-/jquery-deferred-0.3.1.tgz",
      "integrity": "sha1-WW7KHKr/VPYbEQlisjyv6nTDU1U="
    },
    "js-tokens": {
      "version": "4.0.0",
      "resolved": "https://registry.npmjs.org/js-tokens/-/js-tokens-4.0.0.tgz",
      "integrity": "sha512-RdJUflcE3cUzKiMqQgsCu06FPu9UdIJO0beYbPhHN4k6apgJtifcoCtT9bcxOpYBtpD2kCM6Sbzg4CausW/PKQ=="
    },
    "loose-envify": {
      "version": "1.4.0",
      "resolved": "https://registry.npmjs.org/loose-envify/-/loose-envify-1.4.0.tgz",
      "integrity": "sha512-lyuxPGr/Wfhrlem2CL/UcnUc1zcqKAImBDzukY7Y5F/yQiNdko6+fRLevlw1HgMySw7f611UIY408EtxRSoK3Q==",
      "requires": {
        "js-tokens": "^3.0.0 || ^4.0.0"
      }
    },
    "object-assign": {
      "version": "4.1.1",
      "resolved": "https://registry.npmjs.org/object-assign/-/object-assign-4.1.1.tgz",
      "integrity": "sha1-IQmtx5ZYh8/AXLvUQsrIv7s2CGM="
    },
    "prop-types": {
      "version": "15.6.2",
      "resolved": "https://registry.npmjs.org/prop-types/-/prop-types-15.6.2.tgz",
      "integrity": "sha512-3pboPvLiWD7dkI3qf3KbUe6hKFKa52w+AE0VCqECtf+QHAKgOL37tTaNCnuX1nAAQ4ZhyP+kYVKf8rLmJ/feDQ==",
      "requires": {
        "loose-envify": "^1.3.1",
        "object-assign": "^4.1.1"
      }
    }
  }
}
